{
  "name": "event-e3",
  "version": "4.0.3",
  "lockfileVersion": 1,
  "requires": true,
  "dependencies": {
    "mjs-mocha": {
      "version": "2.1.2",
      "resolved": "https://registry.npmjs.org/mjs-mocha/-/mjs-mocha-2.1.2.tgz",
      "integrity": "sha512-WdaOEG4L8CNrMQvRGMZ3/IYK22R4rfUs1oEklBROqtvE/MIfVAxE+A0HSstUPOKGtyQwFzuSjZrzsEm/eegUug==",
      "dev": true
    }
  }
}
